
Microsoft Visual Studio Solution File, Format Version 12.00
Project("{2150E333-8FDC-42A3-9474-1A3956D46DE8}") = "src", "src", "{FECD9966-2682-40EC-B3D7-233547E046EB}"
EndProject
Project("{2150E333-8FDC-42A3-9474-1A3956D46DE8}") = "tests", "tests", "{A2EED73B-41A9-4288-8996-E4E398387A45}"
EndProject
Project("{FAE04EC0-301F-11D3-BF4B-00C04F79EFBC}") = "Ldc.Api", "src\Ldc.Api\Ldc.Api.csproj", "{AD678994-DCD5-4666-B625-0885FFC86A93}"
EndProject
Project("{FAE04EC0-301F-11D3-BF4B-00C04F79EFBC}") = "Ldc.Application", "src\Ldc.Application\Ldc.Application.csproj", "{5C7F75C2-8325-4FFE-B674-F581DCCE91E9}"
EndProject
Project("{FAE04EC0-301F-11D3-BF4B-00C04F79EFBC}") = "Ldc.Communication", "src\Ldc.Communication\Ldc.Communication.csproj", "{298B8972-FFD0-4ACA-B84C-A1774516C877}"
EndProject
Project("{FAE04EC0-301F-11D3-BF4B-00C04F79EFBC}") = "Ldc.Domain", "src\Ldc.Domain\Ldc.Domain.csproj", "{600F5D7B-EEDF-4E3A-B6B5-6DA0869992DB}"
EndProject
Project("{FAE04EC0-301F-11D3-BF4B-00C04F79EFBC}") = "Ldc.Exception", "src\Ldc.Exception\Ldc.Exception.csproj", "{705098DE-F7CD-4EDD-BAB1-BE9B5C190CDC}"
EndProject
Project("{FAE04EC0-301F-11D3-BF4B-00C04F79EFBC}") = "Ldc.Infrastructure", "src\Ldc.Infrastructure\Ldc.Infrastructure.csproj", "{B5172F96-8C53-47FF-9880-E0B62902B471}"
EndProject
Project("{FAE04EC0-301F-11D3-BF4B-00C04F79EFBC}") = "Validators.Test", "tests\Validators.Test\Validators.Test.csproj", "{32D71445-DBA8-4868-B743-9CC80F571F81}"
EndProject
Project("{FAE04EC0-301F-11D3-BF4B-00C04F79EFBC}") = "CommonTestUtilities", "tests\CommonTestUtilities\CommonTestUtilities.csproj", "{359E2D85-FFD3-4CA1-9780-9E2CD563C8A6}"
EndProject
Project("{FAE04EC0-301F-11D3-BF4B-00C04F79EFBC}") = "UseCases.Test", "tests\UseCases.Test\UseCases.Test.csproj", "{14EF58E9-EA6A-4B1F-8AC2-F259B8D66E58}"
EndProject
Project("{FAE04EC0-301F-11D3-BF4B-00C04F79EFBC}") = "WebApi.Test", "tests\WebApi.Test\WebApi.Test.csproj", "{92E74B54-D21D-480B-B7CC-6A364BA5E5DA}"
EndProject
Project("{2150E333-8FDC-42A3-9474-1A3956D46DE8}") = ".template.config", ".template.config", "{E9804CDE-C235-41D3-9472-28FB9472391D}"
	ProjectSection(SolutionItems) = preProject
		.template.config\template.json = .template.config\template.json
	EndProjectSection
EndProject
Global
	GlobalSection(SolutionConfigurationPlatforms) = preSolution
		Debug|Any CPU = Debug|Any CPU
		Release|Any CPU = Release|Any CPU
	EndGlobalSection
	GlobalSection(NestedProjects) = preSolution
		{AD678994-DCD5-4666-B625-0885FFC86A93} = {FECD9966-2682-40EC-B3D7-233547E046EB}
		{5C7F75C2-8325-4FFE-B674-F581DCCE91E9} = {FECD9966-2682-40EC-B3D7-233547E046EB}
		{298B8972-FFD0-4ACA-B84C-A1774516C877} = {FECD9966-2682-40EC-B3D7-233547E046EB}
		{600F5D7B-EEDF-4E3A-B6B5-6DA0869992DB} = {FECD9966-2682-40EC-B3D7-233547E046EB}
		{705098DE-F7CD-4EDD-BAB1-BE9B5C190CDC} = {FECD9966-2682-40EC-B3D7-233547E046EB}
		{B5172F96-8C53-47FF-9880-E0B62902B471} = {FECD9966-2682-40EC-B3D7-233547E046EB}
		{32D71445-DBA8-4868-B743-9CC80F571F81} = {A2EED73B-41A9-4288-8996-E4E398387A45}
		{359E2D85-FFD3-4CA1-9780-9E2CD563C8A6} = {A2EED73B-41A9-4288-8996-E4E398387A45}
		{14EF58E9-EA6A-4B1F-8AC2-F259B8D66E58} = {A2EED73B-41A9-4288-8996-E4E398387A45}
		{92E74B54-D21D-480B-B7CC-6A364BA5E5DA} = {A2EED73B-41A9-4288-8996-E4E398387A45}
	EndGlobalSection
	GlobalSection(ProjectConfigurationPlatforms) = postSolution
		{AD678994-DCD5-4666-B625-0885FFC86A93}.Debug|Any CPU.ActiveCfg = Debug|Any CPU
		{AD678994-DCD5-4666-B625-0885FFC86A93}.Debug|Any CPU.Build.0 = Debug|Any CPU
		{AD678994-DCD5-4666-B625-0885FFC86A93}.Release|Any CPU.ActiveCfg = Release|Any CPU
		{AD678994-DCD5-4666-B625-0885FFC86A93}.Release|Any CPU.Build.0 = Release|Any CPU
		{5C7F75C2-8325-4FFE-B674-F581DCCE91E9}.Debug|Any CPU.ActiveCfg = Debug|Any CPU
		{5C7F75C2-8325-4FFE-B674-F581DCCE91E9}.Debug|Any CPU.Build.0 = Debug|Any CPU
		{5C7F75C2-8325-4FFE-B674-F581DCCE91E9}.Release|Any CPU.ActiveCfg = Release|Any CPU
		{5C7F75C2-8325-4FFE-B674-F581DCCE91E9}.Release|Any CPU.Build.0 = Release|Any CPU
		{298B8972-FFD0-4ACA-B84C-A1774516C877}.Debug|Any CPU.ActiveCfg = Debug|Any CPU
		{298B8972-FFD0-4ACA-B84C-A1774516C877}.Debug|Any CPU.Build.0 = Debug|Any CPU
		{298B8972-FFD0-4ACA-B84C-A1774516C877}.Release|Any CPU.ActiveCfg = Release|Any CPU
		{298B8972-FFD0-4ACA-B84C-A1774516C877}.Release|Any CPU.Build.0 = Release|Any CPU
		{600F5D7B-EEDF-4E3A-B6B5-6DA0869992DB}.Debug|Any CPU.ActiveCfg = Debug|Any CPU
		{600F5D7B-EEDF-4E3A-B6B5-6DA0869992DB}.Debug|Any CPU.Build.0 = Debug|Any CPU
		{600F5D7B-EEDF-4E3A-B6B5-6DA0869992DB}.Release|Any CPU.ActiveCfg = Release|Any CPU
		{600F5D7B-EEDF-4E3A-B6B5-6DA0869992DB}.Release|Any CPU.Build.0 = Release|Any CPU
		{705098DE-F7CD-4EDD-BAB1-BE9B5C190CDC}.Debug|Any CPU.ActiveCfg = Debug|Any CPU
		{705098DE-F7CD-4EDD-BAB1-BE9B5C190CDC}.Debug|Any CPU.Build.0 = Debug|Any CPU
		{705098DE-F7CD-4EDD-BAB1-BE9B5C190CDC}.Release|Any CPU.ActiveCfg = Release|Any CPU
		{705098DE-F7CD-4EDD-BAB1-BE9B5C190CDC}.Release|Any CPU.Build.0 = Release|Any CPU
		{B5172F96-8C53-47FF-9880-E0B62902B471}.Debug|Any CPU.ActiveCfg = Debug|Any CPU
		{B5172F96-8C53-47FF-9880-E0B62902B471}.Debug|Any CPU.Build.0 = Debug|Any CPU
		{B5172F96-8C53-47FF-9880-E0B62902B471}.Release|Any CPU.ActiveCfg = Release|Any CPU
		{B5172F96-8C53-47FF-9880-E0B62902B471}.Release|Any CPU.Build.0 = Release|Any CPU
		{32D71445-DBA8-4868-B743-9CC80F571F81}.Debug|Any CPU.ActiveCfg = Debug|Any CPU
		{32D71445-DBA8-4868-B743-9CC80F571F81}.Debug|Any CPU.Build.0 = Debug|Any CPU
		{32D71445-DBA8-4868-B743-9CC80F571F81}.Release|Any CPU.ActiveCfg = Release|Any CPU
		{32D71445-DBA8-4868-B743-9CC80F571F81}.Release|Any CPU.Build.0 = Release|Any CPU
		{359E2D85-FFD3-4CA1-9780-9E2CD563C8A6}.Debug|Any CPU.ActiveCfg = Debug|Any CPU
		{359E2D85-FFD3-4CA1-9780-9E2CD563C8A6}.Debug|Any CPU.Build.0 = Debug|Any CPU
		{359E2D85-FFD3-4CA1-9780-9E2CD563C8A6}.Release|Any CPU.ActiveCfg = Release|Any CPU
		{359E2D85-FFD3-4CA1-9780-9E2CD563C8A6}.Release|Any CPU.Build.0 = Release|Any CPU
		{14EF58E9-EA6A-4B1F-8AC2-F259B8D66E58}.Debug|Any CPU.ActiveCfg = Debug|Any CPU
		{14EF58E9-EA6A-4B1F-8AC2-F259B8D66E58}.Debug|Any CPU.Build.0 = Debug|Any CPU
		{14EF58E9-EA6A-4B1F-8AC2-F259B8D66E58}.Release|Any CPU.ActiveCfg = Release|Any CPU
		{14EF58E9-EA6A-4B1F-8AC2-F259B8D66E58}.Release|Any CPU.Build.0 = Release|Any CPU
		{92E74B54-D21D-480B-B7CC-6A364BA5E5DA}.Debug|Any CPU.ActiveCfg = Debug|Any CPU
		{92E74B54-D21D-480B-B7CC-6A364BA5E5DA}.Debug|Any CPU.Build.0 = Debug|Any CPU
		{92E74B54-D21D-480B-B7CC-6A364BA5E5DA}.Release|Any CPU.ActiveCfg = Release|Any CPU
		{92E74B54-D21D-480B-B7CC-6A364BA5E5DA}.Release|Any CPU.Build.0 = Release|Any CPU
	EndGlobalSection
EndGlobal
